
Microsoft Visual Studio Solution File, Format Version 12.00
# Visual Studio 15
VisualStudioVersion = 15.0.28307.106
MinimumVisualStudioVersion = 10.0.40219.1
Project("{FAE04EC0-301F-11D3-BF4B-00C04F79EFBC}") = "SafarApp.Android", "SafarApp\SafarApp.Android\SafarApp.Android.csproj", "{7E2D9997-091E-4F5A-9797-3DEF274A326E}"
EndProject
Project("{FAE04EC0-301F-11D3-BF4B-00C04F79EFBC}") = "SafarApp.iOS", "SafarApp\SafarApp.iOS\SafarApp.iOS.csproj", "{DDE5486D-860F-4D31-9532-8A3C5C284F74}"
EndProject
Project("{FAE04EC0-301F-11D3-BF4B-00C04F79EFBC}") = "SafarApp.UWP", "SafarApp\SafarApp.UWP\SafarApp.UWP.csproj", "{55F3E2C5-777E-45DF-B0F4-25AD8149F2C7}"
EndProject
Project("{9A19103F-16F7-4668-BE54-9A1E7A4F7556}") = "SafarApp", "SafarApp\SafarApp\SafarApp.csproj", "{533D513E-F27A-4DFA-B522-CFCE2A9E12D6}"
EndProject
Project("{9A19103F-16F7-4668-BE54-9A1E7A4F7556}") = "SafarSDK", "..\SafarCore\SafarSDK\SafarSDK.csproj", "{E3F272AC-C8C5-4F94-BCF6-0796A896E92D}"
EndProject
Global
	GlobalSection(SolutionConfigurationPlatforms) = preSolution
		Ad-Hoc|Any CPU = Ad-Hoc|Any CPU
		Ad-Hoc|ARM = Ad-Hoc|ARM
		Ad-Hoc|iPhone = Ad-Hoc|iPhone
		Ad-Hoc|iPhoneSimulator = Ad-Hoc|iPhoneSimulator
		Ad-Hoc|x64 = Ad-Hoc|x64
		Ad-Hoc|x86 = Ad-Hoc|x86
		AppStore|Any CPU = AppStore|Any CPU
		AppStore|ARM = AppStore|ARM
		AppStore|iPhone = AppStore|iPhone
		AppStore|iPhoneSimulator = AppStore|iPhoneSimulator
		AppStore|x64 = AppStore|x64
		AppStore|x86 = AppStore|x86
		Debug|Any CPU = Debug|Any CPU
		Debug|ARM = Debug|ARM
		Debug|iPhone = Debug|iPhone
		Debug|iPhoneSimulator = Debug|iPhoneSimulator
		Debug|x64 = Debug|x64
		Debug|x86 = Debug|x86
		Release|Any CPU = Release|Any CPU
		Release|ARM = Release|ARM
		Release|iPhone = Release|iPhone
		Release|iPhoneSimulator = Release|iPhoneSimulator
		Release|x64 = Release|x64
		Release|x86 = Release|x86
	EndGlobalSection
	GlobalSection(ProjectConfigurationPlatforms) = postSolution
		{7E2D9997-091E-4F5A-9797-3DEF274A326E}.Ad-Hoc|Any CPU.ActiveCfg = Release|Any CPU
		{7E2D9997-091E-4F5A-9797-3DEF274A326E}.Ad-Hoc|Any CPU.Build.0 = Release|Any CPU
		{7E2D9997-091E-4F5A-9797-3DEF274A326E}.Ad-Hoc|Any CPU.Deploy.0 = Release|Any CPU
		{7E2D9997-091E-4F5A-9797-3DEF274A326E}.Ad-Hoc|ARM.ActiveCfg = Release|Any CPU
		{7E2D9997-091E-4F5A-9797-3DEF274A326E}.Ad-Hoc|ARM.Build.0 = Release|Any CPU
		{7E2D9997-091E-4F5A-9797-3DEF274A326E}.Ad-Hoc|ARM.Deploy.0 = Release|Any CPU
		{7E2D9997-091E-4F5A-9797-3DEF274A326E}.Ad-Hoc|iPhone.ActiveCfg = Release|Any CPU
		{7E2D9997-091E-4F5A-9797-3DEF274A326E}.Ad-Hoc|iPhone.Build.0 = Release|Any CPU
		{7E2D9997-091E-4F5A-9797-3DEF274A326E}.Ad-Hoc|iPhone.Deploy.0 = Release|Any CPU
		{7E2D9997-091E-4F5A-9797-3DEF274A326E}.Ad-Hoc|iPhoneSimulator.ActiveCfg = Release|Any CPU
		{7E2D9997-091E-4F5A-9797-3DEF274A326E}.Ad-Hoc|iPhoneSimulator.Build.0 = Release|Any CPU
		{7E2D9997-091E-4F5A-9797-3DEF274A326E}.Ad-Hoc|iPhoneSimulator.Deploy.0 = Release|Any CPU
		{7E2D9997-091E-4F5A-9797-3DEF274A326E}.Ad-Hoc|x64.ActiveCfg = Release|Any CPU
		{7E2D9997-091E-4F5A-9797-3DEF274A326E}.Ad-Hoc|x64.Build.0 = Release|Any CPU
		{7E2D9997-091E-4F5A-9797-3DEF274A326E}.Ad-Hoc|x64.Deploy.0 = Release|Any CPU
		{7E2D9997-091E-4F5A-9797-3DEF274A326E}.Ad-Hoc|x86.ActiveCfg = Release|Any CPU
		{7E2D9997-091E-4F5A-9797-3DEF274A326E}.Ad-Hoc|x86.Build.0 = Release|Any CPU
		{7E2D9997-091E-4F5A-9797-3DEF274A326E}.Ad-Hoc|x86.Deploy.0 = Release|Any CPU
		{7E2D9997-091E-4F5A-9797-3DEF274A326E}.AppStore|Any CPU.ActiveCfg = Release|Any CPU
		{7E2D9997-091E-4F5A-9797-3DEF274A326E}.AppStore|Any CPU.Build.0 = Release|Any CPU
		{7E2D9997-091E-4F5A-9797-3DEF274A326E}.AppStore|Any CPU.Deploy.0 = Release|Any CPU
		{7E2D9997-091E-4F5A-9797-3DEF274A326E}.AppStore|ARM.ActiveCfg = Release|Any CPU
		{7E2D9997-091E-4F5A-9797-3DEF274A326E}.AppStore|ARM.Build.0 = Release|Any CPU
		{7E2D9997-091E-4F5A-9797-3DEF274A326E}.AppStore|ARM.Deploy.0 = Release|Any CPU
		{7E2D9997-091E-4F5A-9797-3DEF274A326E}.AppStore|iPhone.ActiveCfg = Release|Any CPU
		{7E2D9997-091E-4F5A-9797-3DEF274A326E}.AppStore|iPhone.Build.0 = Release|Any CPU
		{7E2D9997-091E-4F5A-9797-3DEF274A326E}.AppStore|iPhone.Deploy.0 = Release|Any CPU
		{7E2D9997-091E-4F5A-9797-3DEF274A326E}.AppStore|iPhoneSimulator.ActiveCfg = Release|Any CPU
		{7E2D9997-091E-4F5A-9797-3DEF274A326E}.AppStore|iPhoneSimulator.Build.0 = Release|Any CPU
		{7E2D9997-091E-4F5A-9797-3DEF274A326E}.AppStore|iPhoneSimulator.Deploy.0 = Release|Any CPU
		{7E2D9997-091E-4F5A-9797-3DEF274A326E}.AppStore|x64.ActiveCfg = Release|Any CPU
		{7E2D9997-091E-4F5A-9797-3DEF274A326E}.AppStore|x64.Build.0 = Release|Any CPU
		{7E2D9997-091E-4F5A-9797-3DEF274A326E}.AppStore|x64.Deploy.0 = Release|Any CPU
		{7E2D9997-091E-4F5A-9797-3DEF274A326E}.AppStore|x86.ActiveCfg = Release|Any CPU
		{7E2D9997-091E-4F5A-9797-3DEF274A326E}.AppStore|x86.Build.0 = Release|Any CPU
		{7E2D9997-091E-4F5A-9797-3DEF274A326E}.AppStore|x86.Deploy.0 = Release|Any CPU
		{7E2D9997-091E-4F5A-9797-3DEF274A326E}.Debug|Any CPU.ActiveCfg = Debug|Any CPU
		{7E2D9997-091E-4F5A-9797-3DEF274A326E}.Debug|Any CPU.Build.0 = Debug|Any CPU
		{7E2D9997-091E-4F5A-9797-3DEF274A326E}.Debug|Any CPU.Deploy.0 = Debug|Any CPU
		{7E2D9997-091E-4F5A-9797-3DEF274A326E}.Debug|ARM.ActiveCfg = Debug|Any CPU
		{7E2D9997-091E-4F5A-9797-3DEF274A326E}.Debug|ARM.Build.0 = Debug|Any CPU
		{7E2D9997-091E-4F5A-9797-3DEF274A326E}.Debug|ARM.Deploy.0 = Debug|Any CPU
		{7E2D9997-091E-4F5A-9797-3DEF274A326E}.Debug|iPhone.ActiveCfg = Debug|Any CPU
		{7E2D9997-091E-4F5A-9797-3DEF274A326E}.Debug|iPhone.Build.0 = Debug|Any CPU
		{7E2D9997-091E-4F5A-9797-3DEF274A326E}.Debug|iPhone.Deploy.0 = Debug|Any CPU
		{7E2D9997-091E-4F5A-9797-3DEF274A326E}.Debug|iPhoneSimulator.ActiveCfg = Debug|Any CPU
		{7E2D9997-091E-4F5A-9797-3DEF274A326E}.Debug|iPhoneSimulator.Build.0 = Debug|Any CPU
		{7E2D9997-091E-4F5A-9797-3DEF274A326E}.Debug|iPhoneSimulator.Deploy.0 = Debug|Any CPU
		{7E2D9997-091E-4F5A-9797-3DEF274A326E}.Debug|x64.ActiveCfg = Debug|Any CPU
		{7E2D9997-091E-4F5A-9797-3DEF274A326E}.Debug|x64.Build.0 = Debug|Any CPU
		{7E2D9997-091E-4F5A-9797-3DEF274A326E}.Debug|x64.Deploy.0 = Debug|Any CPU
		{7E2D9997-091E-4F5A-9797-3DEF274A326E}.Debug|x86.ActiveCfg = Debug|Any CPU
		{7E2D9997-091E-4F5A-9797-3DEF274A326E}.Debug|x86.Build.0 = Debug|Any CPU
		{7E2D9997-091E-4F5A-9797-3DEF274A326E}.Debug|x86.Deploy.0 = Debug|Any CPU
		{7E2D9997-091E-4F5A-9797-3DEF274A326E}.Release|Any CPU.ActiveCfg = Release|Any CPU
		{7E2D9997-091E-4F5A-9797-3DEF274A326E}.Release|Any CPU.Build.0 = Release|Any CPU
		{7E2D9997-091E-4F5A-9797-3DEF274A326E}.Release|Any CPU.Deploy.0 = Release|Any CPU
		{7E2D9997-091E-4F5A-9797-3DEF274A326E}.Release|ARM.ActiveCfg = Release|Any CPU
		{7E2D9997-091E-4F5A-9797-3DEF274A326E}.Release|ARM.Build.0 = Release|Any CPU
		{7E2D9997-091E-4F5A-9797-3DEF274A326E}.Release|ARM.Deploy.0 = Release|Any CPU
		{7E2D9997-091E-4F5A-9797-3DEF274A326E}.Release|iPhone.ActiveCfg = Release|Any CPU
		{7E2D9997-091E-4F5A-9797-3DEF274A326E}.Release|iPhone.Build.0 = Release|Any CPU
		{7E2D9997-091E-4F5A-9797-3DEF274A326E}.Release|iPhone.Deploy.0 = Release|Any CPU
		{7E2D9997-091E-4F5A-9797-3DEF274A326E}.Release|iPhoneSimulator.ActiveCfg = Release|Any CPU
		{7E2D9997-091E-4F5A-9797-3DEF274A326E}.Release|iPhoneSimulator.Build.0 = Release|Any CPU
		{7E2D9997-091E-4F5A-9797-3DEF274A326E}.Release|iPhoneSimulator.Deploy.0 = Release|Any CPU
		{7E2D9997-091E-4F5A-9797-3DEF274A326E}.Release|x64.ActiveCfg = Release|Any CPU
		{7E2D9997-091E-4F5A-9797-3DEF274A326E}.Release|x64.Build.0 = Release|Any CPU
		{7E2D9997-091E-4F5A-9797-3DEF274A326E}.Release|x64.Deploy.0 = Release|Any CPU
		{7E2D9997-091E-4F5A-9797-3DEF274A326E}.Release|x86.ActiveCfg = Release|Any CPU
		{7E2D9997-091E-4F5A-9797-3DEF274A326E}.Release|x86.Build.0 = Release|Any CPU
		{7E2D9997-091E-4F5A-9797-3DEF274A326E}.Release|x86.Deploy.0 = Release|Any CPU
		{DDE5486D-860F-4D31-9532-8A3C5C284F74}.Ad-Hoc|Any CPU.ActiveCfg = Ad-Hoc|iPhone
		{DDE5486D-860F-4D31-9532-8A3C5C284F74}.Ad-Hoc|Any CPU.Build.0 = Ad-Hoc|iPhone
		{DDE5486D-860F-4D31-9532-8A3C5C284F74}.Ad-Hoc|Any CPU.Deploy.0 = Ad-Hoc|iPhone
		{DDE5486D-860F-4D31-9532-8A3C5C284F74}.Ad-Hoc|ARM.ActiveCfg = Ad-Hoc|iPhone
		{DDE5486D-860F-4D31-9532-8A3C5C284F74}.Ad-Hoc|ARM.Build.0 = Ad-Hoc|iPhone
		{DDE5486D-860F-4D31-9532-8A3C5C284F74}.Ad-Hoc|ARM.Deploy.0 = Ad-Hoc|iPhone
		{DDE5486D-860F-4D31-9532-8A3C5C284F74}.Ad-Hoc|iPhone.ActiveCfg = Ad-Hoc|iPhone
		{DDE5486D-860F-4D31-9532-8A3C5C284F74}.Ad-Hoc|iPhone.Build.0 = Ad-Hoc|iPhone
		{DDE5486D-860F-4D31-9532-8A3C5C284F74}.Ad-Hoc|iPhone.Deploy.0 = Ad-Hoc|iPhone
		{DDE5486D-860F-4D31-9532-8A3C5C284F74}.Ad-Hoc|iPhoneSimulator.ActiveCfg = Ad-Hoc|iPhoneSimulator
		{DDE5486D-860F-4D31-9532-8A3C5C284F74}.Ad-Hoc|iPhoneSimulator.Build.0 = Ad-Hoc|iPhoneSimulator
		{DDE5486D-860F-4D31-9532-8A3C5C284F74}.Ad-Hoc|iPhoneSimulator.Deploy.0 = Ad-Hoc|iPhoneSimulator
		{DDE5486D-860F-4D31-9532-8A3C5C284F74}.Ad-Hoc|x64.ActiveCfg = Ad-Hoc|iPhone
		{DDE5486D-860F-4D31-9532-8A3C5C284F74}.Ad-Hoc|x64.Build.0 = Ad-Hoc|iPhone
		{DDE5486D-860F-4D31-9532-8A3C5C284F74}.Ad-Hoc|x64.Deploy.0 = Ad-Hoc|iPhone
		{DDE5486D-860F-4D31-9532-8A3C5C284F74}.Ad-Hoc|x86.ActiveCfg = Ad-Hoc|iPhone
		{DDE5486D-860F-4D31-9532-8A3C5C284F74}.Ad-Hoc|x86.Build.0 = Ad-Hoc|iPhone
		{DDE5486D-860F-4D31-9532-8A3C5C284F74}.Ad-Hoc|x86.Deploy.0 = Ad-Hoc|iPhone
		{DDE5486D-860F-4D31-9532-8A3C5C284F74}.AppStore|Any CPU.ActiveCfg = AppStore|iPhone
		{DDE5486D-860F-4D31-9532-8A3C5C284F74}.AppStore|Any CPU.Build.0 = AppStore|iPhone
		{DDE5486D-860F-4D31-9532-8A3C5C284F74}.AppStore|Any CPU.Deploy.0 = AppStore|iPhone
		{DDE5486D-860F-4D31-9532-8A3C5C284F74}.AppStore|ARM.ActiveCfg = AppStore|iPhone
		{DDE5486D-860F-4D31-9532-8A3C5C284F74}.AppStore|ARM.Build.0 = AppStore|iPhone
		{DDE5486D-860F-4D31-9532-8A3C5C284F74}.AppStore|ARM.Deploy.0 = AppStore|iPhone
		{DDE5486D-860F-4D31-9532-8A3C5C284F74}.AppStore|iPhone.ActiveCfg = AppStore|iPhone
		{DDE5486D-860F-4D31-9532-8A3C5C284F74}.AppStore|iPhone.Build.0 = AppStore|iPhone
		{DDE5486D-860F-4D31-9532-8A3C5C284F74}.AppStore|iPhone.Deploy.0 = AppStore|iPhone
		{DDE5486D-860F-4D31-9532-8A3C5C284F74}.AppStore|iPhoneSimulator.ActiveCfg = AppStore|iPhoneSimulator
		{DDE5486D-860F-4D31-9532-8A3C5C284F74}.AppStore|iPhoneSimulator.Build.0 = AppStore|iPhoneSimulator
		{DDE5486D-860F-4D31-9532-8A3C5C284F74}.AppStore|iPhoneSimulator.Deploy.0 = AppStore|iPhoneSimulator
		{DDE5486D-860F-4D31-9532-8A3C5C284F74}.AppStore|x64.ActiveCfg = AppStore|iPhone
		{DDE5486D-860F-4D31-9532-8A3C5C284F74}.AppStore|x64.Build.0 = AppStore|iPhone
		{DDE5486D-860F-4D31-9532-8A3C5C284F74}.AppStore|x64.Deploy.0 = AppStore|iPhone
		{DDE5486D-860F-4D31-9532-8A3C5C284F74}.AppStore|x86.ActiveCfg = AppStore|iPhone
		{DDE5486D-860F-4D31-9532-8A3C5C284F74}.AppStore|x86.Build.0 = AppStore|iPhone
		{DDE5486D-860F-4D31-9532-8A3C5C284F74}.AppStore|x86.Deploy.0 = AppStore|iPhone
		{DDE5486D-860F-4D31-9532-8A3C5C284F74}.Debug|Any CPU.ActiveCfg = Debug|iPhoneSimulator
		{DDE5486D-860F-4D31-9532-8A3C5C284F74}.Debug|Any CPU.Build.0 = Debug|iPhoneSimulator
		{DDE5486D-860F-4D31-9532-8A3C5C284F74}.Debug|Any CPU.Deploy.0 = Debug|iPhoneSimulator
		{DDE5486D-860F-4D31-9532-8A3C5C284F74}.Debug|ARM.ActiveCfg = Debug|iPhone
		{DDE5486D-860F-4D31-9532-8A3C5C284F74}.Debug|ARM.Build.0 = Debug|iPhone
		{DDE5486D-860F-4D31-9532-8A3C5C284F74}.Debug|ARM.Deploy.0 = Debug|iPhone
		{DDE5486D-860F-4D31-9532-8A3C5C284F74}.Debug|iPhone.ActiveCfg = Debug|iPhone
		{DDE5486D-860F-4D31-9532-8A3C5C284F74}.Debug|iPhone.Build.0 = Debug|iPhone
		{DDE5486D-860F-4D31-9532-8A3C5C284F74}.Debug|iPhone.Deploy.0 = Debug|iPhone
		{DDE5486D-860F-4D31-9532-8A3C5C284F74}.Debug|iPhoneSimulator.ActiveCfg = Debug|iPhoneSimulator
		{DDE5486D-860F-4D31-9532-8A3C5C284F74}.Debug|iPhoneSimulator.Build.0 = Debug|iPhoneSimulator
		{DDE5486D-860F-4D31-9532-8A3C5C284F74}.Debug|iPhoneSimulator.Deploy.0 = Debug|iPhoneSimulator
		{DDE5486D-860F-4D31-9532-8A3C5C284F74}.Debug|x64.ActiveCfg = Debug|iPhone
		{DDE5486D-860F-4D31-9532-8A3C5C284F74}.Debug|x64.Build.0 = Debug|iPhone
		{DDE5486D-860F-4D31-9532-8A3C5C284F74}.Debug|x64.Deploy.0 = Debug|iPhone
		{DDE5486D-860F-4D31-9532-8A3C5C284F74}.Debug|x86.ActiveCfg = Debug|iPhone
		{DDE5486D-860F-4D31-9532-8A3C5C284F74}.Debug|x86.Build.0 = Debug|iPhone
		{DDE5486D-860F-4D31-9532-8A3C5C284F74}.Debug|x86.Deploy.0 = Debug|iPhone
		{DDE5486D-860F-4D31-9532-8A3C5C284F74}.Release|Any CPU.ActiveCfg = Release|iPhone
		{DDE5486D-860F-4D31-9532-8A3C5C284F74}.Release|Any CPU.Build.0 = Release|iPhone
		{DDE5486D-860F-4D31-9532-8A3C5C284F74}.Release|Any CPU.Deploy.0 = Release|iPhone
		{DDE5486D-860F-4D31-9532-8A3C5C284F74}.Release|ARM.ActiveCfg = Release|iPhone
		{DDE5486D-860F-4D31-9532-8A3C5C284F74}.Release|ARM.Build.0 = Release|iPhone
		{DDE5486D-860F-4D31-9532-8A3C5C284F74}.Release|ARM.Deploy.0 = Release|iPhone
		{DDE5486D-860F-4D31-9532-8A3C5C284F74}.Release|iPhone.ActiveCfg = Release|iPhone
		{DDE5486D-860F-4D31-9532-8A3C5C284F74}.Release|iPhone.Build.0 = Release|iPhone
		{DDE5486D-860F-4D31-9532-8A3C5C284F74}.Release|iPhone.Deploy.0 = Release|iPhone
		{DDE5486D-860F-4D31-9532-8A3C5C284F74}.Release|iPhoneSimulator.ActiveCfg = Release|iPhoneSimulator
		{DDE5486D-860F-4D31-9532-8A3C5C284F74}.Release|iPhoneSimulator.Build.0 = Release|iPhoneSimulator
		{DDE5486D-860F-4D31-9532-8A3C5C284F74}.Release|iPhoneSimulator.Deploy.0 = Release|iPhoneSimulator
		{DDE5486D-860F-4D31-9532-8A3C5C284F74}.Release|x64.ActiveCfg = Release|iPhone
		{DDE5486D-860F-4D31-9532-8A3C5C284F74}.Release|x64.Build.0 = Release|iPhone
		{DDE5486D-860F-4D31-9532-8A3C5C284F74}.Release|x64.Deploy.0 = Release|iPhone
		{DDE5486D-860F-4D31-9532-8A3C5C284F74}.Release|x86.ActiveCfg = Release|iPhone
		{DDE5486D-860F-4D31-9532-8A3C5C284F74}.Release|x86.Build.0 = Release|iPhone
		{DDE5486D-860F-4D31-9532-8A3C5C284F74}.Release|x86.Deploy.0 = Release|iPhone
		{55F3E2C5-777E-45DF-B0F4-25AD8149F2C7}.Ad-Hoc|Any CPU.ActiveCfg = Release|x86
		{55F3E2C5-777E-45DF-B0F4-25AD8149F2C7}.Ad-Hoc|Any CPU.Build.0 = Release|x86
		{55F3E2C5-777E-45DF-B0F4-25AD8149F2C7}.Ad-Hoc|Any CPU.Deploy.0 = Release|x86
		{55F3E2C5-777E-45DF-B0F4-25AD8149F2C7}.Ad-Hoc|ARM.ActiveCfg = Release|ARM
		{55F3E2C5-777E-45DF-B0F4-25AD8149F2C7}.Ad-Hoc|ARM.Build.0 = Release|ARM
		{55F3E2C5-777E-45DF-B0F4-25AD8149F2C7}.Ad-Hoc|ARM.Deploy.0 = Release|ARM
		{55F3E2C5-777E-45DF-B0F4-25AD8149F2C7}.Ad-Hoc|iPhone.ActiveCfg = Release|x86
		{55F3E2C5-777E-45DF-B0F4-25AD8149F2C7}.Ad-Hoc|iPhone.Build.0 = Release|x86
		{55F3E2C5-777E-45DF-B0F4-25AD8149F2C7}.Ad-Hoc|iPhone.Deploy.0 = Release|x86
		{55F3E2C5-777E-45DF-B0F4-25AD8149F2C7}.Ad-Hoc|iPhoneSimulator.ActiveCfg = Release|x86
		{55F3E2C5-777E-45DF-B0F4-25AD8149F2C7}.Ad-Hoc|iPhoneSimulator.Build.0 = Release|x86
		{55F3E2C5-777E-45DF-B0F4-25AD8149F2C7}.Ad-Hoc|iPhoneSimulator.Deploy.0 = Release|x86
		{55F3E2C5-777E-45DF-B0F4-25AD8149F2C7}.Ad-Hoc|x64.ActiveCfg = Release|x64
		{55F3E2C5-777E-45DF-B0F4-25AD8149F2C7}.Ad-Hoc|x64.Build.0 = Release|x64
		{55F3E2C5-777E-45DF-B0F4-25AD8149F2C7}.Ad-Hoc|x64.Deploy.0 = Release|x64
		{55F3E2C5-777E-45DF-B0F4-25AD8149F2C7}.Ad-Hoc|x86.ActiveCfg = Release|x86
		{55F3E2C5-777E-45DF-B0F4-25AD8149F2C7}.Ad-Hoc|x86.Build.0 = Release|x86
		{55F3E2C5-777E-45DF-B0F4-25AD8149F2C7}.Ad-Hoc|x86.Deploy.0 = Release|x86
		{55F3E2C5-777E-45DF-B0F4-25AD8149F2C7}.AppStore|Any CPU.ActiveCfg = Release|x86
		{55F3E2C5-777E-45DF-B0F4-25AD8149F2C7}.AppStore|Any CPU.Build.0 = Release|x86
		{55F3E2C5-777E-45DF-B0F4-25AD8149F2C7}.AppStore|Any CPU.Deploy.0 = Release|x86
		{55F3E2C5-777E-45DF-B0F4-25AD8149F2C7}.AppStore|ARM.ActiveCfg = Release|ARM
		{55F3E2C5-777E-45DF-B0F4-25AD8149F2C7}.AppStore|ARM.Build.0 = Release|ARM
		{55F3E2C5-777E-45DF-B0F4-25AD8149F2C7}.AppStore|ARM.Deploy.0 = Release|ARM
		{55F3E2C5-777E-45DF-B0F4-25AD8149F2C7}.AppStore|iPhone.ActiveCfg = Release|x86
		{55F3E2C5-777E-45DF-B0F4-25AD8149F2C7}.AppStore|iPhone.Build.0 = Release|x86
		{55F3E2C5-777E-45DF-B0F4-25AD8149F2C7}.AppStore|iPhone.Deploy.0 = Release|x86
		{55F3E2C5-777E-45DF-B0F4-25AD8149F2C7}.AppStore|iPhoneSimulator.ActiveCfg = Release|x86
		{55F3E2C5-777E-45DF-B0F4-25AD8149F2C7}.AppStore|iPhoneSimulator.Build.0 = Release|x86
		{55F3E2C5-777E-45DF-B0F4-25AD8149F2C7}.AppStore|iPhoneSimulator.Deploy.0 = Release|x86
		{55F3E2C5-777E-45DF-B0F4-25AD8149F2C7}.AppStore|x64.ActiveCfg = Release|x64
		{55F3E2C5-777E-45DF-B0F4-25AD8149F2C7}.AppStore|x64.Build.0 = Release|x64
		{55F3E2C5-777E-45DF-B0F4-25AD8149F2C7}.AppStore|x64.Deploy.0 = Release|x64
		{55F3E2C5-777E-45DF-B0F4-25AD8149F2C7}.AppStore|x86.ActiveCfg = Release|x86
		{55F3E2C5-777E-45DF-B0F4-25AD8149F2C7}.AppStore|x86.Build.0 = Release|x86
		{55F3E2C5-777E-45DF-B0F4-25AD8149F2C7}.AppStore|x86.Deploy.0 = Release|x86
		{55F3E2C5-777E-45DF-B0F4-25AD8149F2C7}.Debug|Any CPU.ActiveCfg = Debug|x86
		{55F3E2C5-777E-45DF-B0F4-25AD8149F2C7}.Debug|Any CPU.Build.0 = Debug|x86
		{55F3E2C5-777E-45DF-B0F4-25AD8149F2C7}.Debug|Any CPU.Deploy.0 = Debug|x86
		{55F3E2C5-777E-45DF-B0F4-25AD8149F2C7}.Debug|ARM.ActiveCfg = Debug|ARM
		{55F3E2C5-777E-45DF-B0F4-25AD8149F2C7}.Debug|ARM.Build.0 = Debug|ARM
		{55F3E2C5-777E-45DF-B0F4-25AD8149F2C7}.Debug|ARM.Deploy.0 = Debug|ARM
		{55F3E2C5-777E-45DF-B0F4-25AD8149F2C7}.Debug|iPhone.ActiveCfg = Debug|x86
		{55F3E2C5-777E-45DF-B0F4-25AD8149F2C7}.Debug|iPhone.Build.0 = Debug|x86
		{55F3E2C5-777E-45DF-B0F4-25AD8149F2C7}.Debug|iPhone.Deploy.0 = Debug|x86
		{55F3E2C5-777E-45DF-B0F4-25AD8149F2C7}.Debug|iPhoneSimulator.ActiveCfg = Debug|x86
		{55F3E2C5-777E-45DF-B0F4-25AD8149F2C7}.Debug|iPhoneSimulator.Build.0 = Debug|x86
		{55F3E2C5-777E-45DF-B0F4-25AD8149F2C7}.Debug|iPhoneSimulator.Deploy.0 = Debug|x86
		{55F3E2C5-777E-45DF-B0F4-25AD8149F2C7}.Debug|x64.ActiveCfg = Debug|x64
		{55F3E2C5-777E-45DF-B0F4-25AD8149F2C7}.Debug|x64.Build.0 = Debug|x64
		{55F3E2C5-777E-45DF-B0F4-25AD8149F2C7}.Debug|x64.Deploy.0 = Debug|x64
		{55F3E2C5-777E-45DF-B0F4-25AD8149F2C7}.Debug|x86.ActiveCfg = Debug|x86
		{55F3E2C5-777E-45DF-B0F4-25AD8149F2C7}.Debug|x86.Build.0 = Debug|x86
		{55F3E2C5-777E-45DF-B0F4-25AD8149F2C7}.Debug|x86.Deploy.0 = Debug|x86
		{55F3E2C5-777E-45DF-B0F4-25AD8149F2C7}.Release|Any CPU.ActiveCfg = Release|x86
		{55F3E2C5-777E-45DF-B0F4-25AD8149F2C7}.Release|Any CPU.Build.0 = Release|x86
		{55F3E2C5-777E-45DF-B0F4-25AD8149F2C7}.Release|Any CPU.Deploy.0 = Release|x86
		{55F3E2C5-777E-45DF-B0F4-25AD8149F2C7}.Release|ARM.ActiveCfg = Release|ARM
		{55F3E2C5-777E-45DF-B0F4-25AD8149F2C7}.Release|ARM.Build.0 = Release|ARM
		{55F3E2C5-777E-45DF-B0F4-25AD8149F2C7}.Release|ARM.Deploy.0 = Release|ARM
		{55F3E2C5-777E-45DF-B0F4-25AD8149F2C7}.Release|iPhone.ActiveCfg = Release|x86
		{55F3E2C5-777E-45DF-B0F4-25AD8149F2C7}.Release|iPhone.Build.0 = Release|x86
		{55F3E2C5-777E-45DF-B0F4-25AD8149F2C7}.Release|iPhone.Deploy.0 = Release|x86
		{55F3E2C5-777E-45DF-B0F4-25AD8149F2C7}.Release|iPhoneSimulator.ActiveCfg = Release|x86
		{55F3E2C5-777E-45DF-B0F4-25AD8149F2C7}.Release|iPhoneSimulator.Build.0 = Release|x86
		{55F3E2C5-777E-45DF-B0F4-25AD8149F2C7}.Release|iPhoneSimulator.Deploy.0 = Release|x86
		{55F3E2C5-777E-45DF-B0F4-25AD8149F2C7}.Release|x64.ActiveCfg = Release|x64
		{55F3E2C5-777E-45DF-B0F4-25AD8149F2C7}.Release|x64.Build.0 = Release|x64
		{55F3E2C5-777E-45DF-B0F4-25AD8149F2C7}.Release|x64.Deploy.0 = Release|x64
		{55F3E2C5-777E-45DF-B0F4-25AD8149F2C7}.Release|x86.ActiveCfg = Release|x86
		{55F3E2C5-777E-45DF-B0F4-25AD8149F2C7}.Release|x86.Build.0 = Release|x86
		{55F3E2C5-777E-45DF-B0F4-25AD8149F2C7}.Release|x86.Deploy.0 = Release|x86
		{533D513E-F27A-4DFA-B522-CFCE2A9E12D6}.Ad-Hoc|Any CPU.ActiveCfg = Debug|Any CPU
		{533D513E-F27A-4DFA-B522-CFCE2A9E12D6}.Ad-Hoc|Any CPU.Build.0 = Debug|Any CPU
		{533D513E-F27A-4DFA-B522-CFCE2A9E12D6}.Ad-Hoc|Any CPU.Deploy.0 = Debug|Any CPU
		{533D513E-F27A-4DFA-B522-CFCE2A9E12D6}.Ad-Hoc|ARM.ActiveCfg = Debug|Any CPU
		{533D513E-F27A-4DFA-B522-CFCE2A9E12D6}.Ad-Hoc|ARM.Build.0 = Debug|Any CPU
		{533D513E-F27A-4DFA-B522-CFCE2A9E12D6}.Ad-Hoc|ARM.Deploy.0 = Debug|Any CPU
		{533D513E-F27A-4DFA-B522-CFCE2A9E12D6}.Ad-Hoc|iPhone.ActiveCfg = Debug|Any CPU
		{533D513E-F27A-4DFA-B522-CFCE2A9E12D6}.Ad-Hoc|iPhone.Build.0 = Debug|Any CPU
		{533D513E-F27A-4DFA-B522-CFCE2A9E12D6}.Ad-Hoc|iPhone.Deploy.0 = Debug|Any CPU
		{533D513E-F27A-4DFA-B522-CFCE2A9E12D6}.Ad-Hoc|iPhoneSimulator.ActiveCfg = Debug|Any CPU
		{533D513E-F27A-4DFA-B522-CFCE2A9E12D6}.Ad-Hoc|iPhoneSimulator.Build.0 = Debug|Any CPU
		{533D513E-F27A-4DFA-B522-CFCE2A9E12D6}.Ad-Hoc|iPhoneSimulator.Deploy.0 = Debug|Any CPU
		{533D513E-F27A-4DFA-B522-CFCE2A9E12D6}.Ad-Hoc|x64.ActiveCfg = Debug|Any CPU
		{533D513E-F27A-4DFA-B522-CFCE2A9E12D6}.Ad-Hoc|x64.Build.0 = Debug|Any CPU
		{533D513E-F27A-4DFA-B522-CFCE2A9E12D6}.Ad-Hoc|x64.Deploy.0 = Debug|Any CPU
		{533D513E-F27A-4DFA-B522-CFCE2A9E12D6}.Ad-Hoc|x86.ActiveCfg = Debug|Any CPU
		{533D513E-F27A-4DFA-B522-CFCE2A9E12D6}.Ad-Hoc|x86.Build.0 = Debug|Any CPU
		{533D513E-F27A-4DFA-B522-CFCE2A9E12D6}.Ad-Hoc|x86.Deploy.0 = Debug|Any CPU
		{533D513E-F27A-4DFA-B522-CFCE2A9E12D6}.AppStore|Any CPU.ActiveCfg = Debug|Any CPU
		{533D513E-F27A-4DFA-B522-CFCE2A9E12D6}.AppStore|Any CPU.Build.0 = Debug|Any CPU
		{533D513E-F27A-4DFA-B522-CFCE2A9E12D6}.AppStore|Any CPU.Deploy.0 = Debug|Any CPU
		{533D513E-F27A-4DFA-B522-CFCE2A9E12D6}.AppStore|ARM.ActiveCfg = Debug|Any CPU
		{533D513E-F27A-4DFA-B522-CFCE2A9E12D6}.AppStore|ARM.Build.0 = Debug|Any CPU
		{533D513E-F27A-4DFA-B522-CFCE2A9E12D6}.AppStore|ARM.Deploy.0 = Debug|Any CPU
		{533D513E-F27A-4DFA-B522-CFCE2A9E12D6}.AppStore|iPhone.ActiveCfg = Debug|Any CPU
		{533D513E-F27A-4DFA-B522-CFCE2A9E12D6}.AppStore|iPhone.Build.0 = Debug|Any CPU
		{533D513E-F27A-4DFA-B522-CFCE2A9E12D6}.AppStore|iPhone.Deploy.0 = Debug|Any CPU
		{533D513E-F27A-4DFA-B522-CFCE2A9E12D6}.AppStore|iPhoneSimulator.ActiveCfg = Debug|Any CPU
		{533D513E-F27A-4DFA-B522-CFCE2A9E12D6}.AppStore|iPhoneSimulator.Build.0 = Debug|Any CPU
		{533D513E-F27A-4DFA-B522-CFCE2A9E12D6}.AppStore|iPhoneSimulator.Deploy.0 = Debug|Any CPU
		{533D513E-F27A-4DFA-B522-CFCE2A9E12D6}.AppStore|x64.ActiveCfg = Debug|Any CPU
		{533D513E-F27A-4DFA-B522-CFCE2A9E12D6}.AppStore|x64.Build.0 = Debug|Any CPU
		{533D513E-F27A-4DFA-B522-CFCE2A9E12D6}.AppStore|x64.Deploy.0 = Debug|Any CPU
		{533D513E-F27A-4DFA-B522-CFCE2A9E12D6}.AppStore|x86.ActiveCfg = Debug|Any CPU
		{533D513E-F27A-4DFA-B522-CFCE2A9E12D6}.AppStore|x86.Build.0 = Debug|Any CPU
		{533D513E-F27A-4DFA-B522-CFCE2A9E12D6}.AppStore|x86.Deploy.0 = Debug|Any CPU
		{533D513E-F27A-4DFA-B522-CFCE2A9E12D6}.Debug|Any CPU.ActiveCfg = Debug|Any CPU
		{533D513E-F27A-4DFA-B522-CFCE2A9E12D6}.Debug|Any CPU.Build.0 = Debug|Any CPU
		{533D513E-F27A-4DFA-B522-CFCE2A9E12D6}.Debug|Any CPU.Deploy.0 = Debug|Any CPU
		{533D513E-F27A-4DFA-B522-CFCE2A9E12D6}.Debug|ARM.ActiveCfg = Debug|Any CPU
		{533D513E-F27A-4DFA-B522-CFCE2A9E12D6}.Debug|ARM.Build.0 = Debug|Any CPU
		{533D513E-F27A-4DFA-B522-CFCE2A9E12D6}.Debug|ARM.Deploy.0 = Debug|Any CPU
		{533D513E-F27A-4DFA-B522-CFCE2A9E12D6}.Debug|iPhone.ActiveCfg = Debug|Any CPU
		{533D513E-F27A-4DFA-B522-CFCE2A9E12D6}.Debug|iPhone.Build.0 = Debug|Any CPU
		{533D513E-F27A-4DFA-B522-CFCE2A9E12D6}.Debug|iPhone.Deploy.0 = Debug|Any CPU
		{533D513E-F27A-4DFA-B522-CFCE2A9E12D6}.Debug|iPhoneSimulator.ActiveCfg = Debug|Any CPU
		{533D513E-F27A-4DFA-B522-CFCE2A9E12D6}.Debug|iPhoneSimulator.Build.0 = Debug|Any CPU
		{533D513E-F27A-4DFA-B522-CFCE2A9E12D6}.Debug|iPhoneSimulator.Deploy.0 = Debug|Any CPU
		{533D513E-F27A-4DFA-B522-CFCE2A9E12D6}.Debug|x64.ActiveCfg = Debug|Any CPU
		{533D513E-F27A-4DFA-B522-CFCE2A9E12D6}.Debug|x64.Build.0 = Debug|Any CPU
		{533D513E-F27A-4DFA-B522-CFCE2A9E12D6}.Debug|x64.Deploy.0 = Debug|Any CPU
		{533D513E-F27A-4DFA-B522-CFCE2A9E12D6}.Debug|x86.ActiveCfg = Debug|Any CPU
		{533D513E-F27A-4DFA-B522-CFCE2A9E12D6}.Debug|x86.Build.0 = Debug|Any CPU
		{533D513E-F27A-4DFA-B522-CFCE2A9E12D6}.Debug|x86.Deploy.0 = Debug|Any CPU
		{533D513E-F27A-4DFA-B522-CFCE2A9E12D6}.Release|Any CPU.ActiveCfg = Release|Any CPU
		{533D513E-F27A-4DFA-B522-CFCE2A9E12D6}.Release|Any CPU.Build.0 = Release|Any CPU
		{533D513E-F27A-4DFA-B522-CFCE2A9E12D6}.Release|Any CPU.Deploy.0 = Release|Any CPU
		{533D513E-F27A-4DFA-B522-CFCE2A9E12D6}.Release|ARM.ActiveCfg = Release|Any CPU
		{533D513E-F27A-4DFA-B522-CFCE2A9E12D6}.Release|ARM.Build.0 = Release|Any CPU
		{533D513E-F27A-4DFA-B522-CFCE2A9E12D6}.Release|ARM.Deploy.0 = Release|Any CPU
		{533D513E-F27A-4DFA-B522-CFCE2A9E12D6}.Release|iPhone.ActiveCfg = Release|Any CPU
		{533D513E-F27A-4DFA-B522-CFCE2A9E12D6}.Release|iPhone.Build.0 = Release|Any CPU
		{533D513E-F27A-4DFA-B522-CFCE2A9E12D6}.Release|iPhone.Deploy.0 = Release|Any CPU
		{533D513E-F27A-4DFA-B522-CFCE2A9E12D6}.Release|iPhoneSimulator.ActiveCfg = Release|Any CPU
		{533D513E-F27A-4DFA-B522-CFCE2A9E12D6}.Release|iPhoneSimulator.Build.0 = Release|Any CPU
		{533D513E-F27A-4DFA-B522-CFCE2A9E12D6}.Release|iPhoneSimulator.Deploy.0 = Release|Any CPU
		{533D513E-F27A-4DFA-B522-CFCE2A9E12D6}.Release|x64.ActiveCfg = Release|Any CPU
		{533D513E-F27A-4DFA-B522-CFCE2A9E12D6}.Release|x64.Build.0 = Release|Any CPU
		{533D513E-F27A-4DFA-B522-CFCE2A9E12D6}.Release|x64.Deploy.0 = Release|Any CPU
		{533D513E-F27A-4DFA-B522-CFCE2A9E12D6}.Release|x86.ActiveCfg = Release|Any CPU
		{533D513E-F27A-4DFA-B522-CFCE2A9E12D6}.Release|x86.Build.0 = Release|Any CPU
		{533D513E-F27A-4DFA-B522-CFCE2A9E12D6}.Release|x86.Deploy.0 = Release|Any CPU
		{E3F272AC-C8C5-4F94-BCF6-0796A896E92D}.Ad-Hoc|Any CPU.ActiveCfg = Debug|Any CPU
		{E3F272AC-C8C5-4F94-BCF6-0796A896E92D}.Ad-Hoc|Any CPU.Build.0 = Debug|Any CPU
		{E3F272AC-C8C5-4F94-BCF6-0796A896E92D}.Ad-Hoc|ARM.ActiveCfg = Debug|Any CPU
		{E3F272AC-C8C5-4F94-BCF6-0796A896E92D}.Ad-Hoc|ARM.Build.0 = Debug|Any CPU
		{E3F272AC-C8C5-4F94-BCF6-0796A896E92D}.Ad-Hoc|iPhone.ActiveCfg = Debug|Any CPU
		{E3F272AC-C8C5-4F94-BCF6-0796A896E92D}.Ad-Hoc|iPhone.Build.0 = Debug|Any CPU
		{E3F272AC-C8C5-4F94-BCF6-0796A896E92D}.Ad-Hoc|iPhoneSimulator.ActiveCfg = Debug|Any CPU
		{E3F272AC-C8C5-4F94-BCF6-0796A896E92D}.Ad-Hoc|iPhoneSimulator.Build.0 = Debug|Any CPU
		{E3F272AC-C8C5-4F94-BCF6-0796A896E92D}.Ad-Hoc|x64.ActiveCfg = Debug|Any CPU
		{E3F272AC-C8C5-4F94-BCF6-0796A896E92D}.Ad-Hoc|x64.Build.0 = Debug|Any CPU
		{E3F272AC-C8C5-4F94-BCF6-0796A896E92D}.Ad-Hoc|x86.ActiveCfg = Debug|Any CPU
		{E3F272AC-C8C5-4F94-BCF6-0796A896E92D}.Ad-Hoc|x86.Build.0 = Debug|Any CPU
		{E3F272AC-C8C5-4F94-BCF6-0796A896E92D}.AppStore|Any CPU.ActiveCfg = Debug|Any CPU
		{E3F272AC-C8C5-4F94-BCF6-0796A896E92D}.AppStore|Any CPU.Build.0 = Debug|Any CPU
		{E3F272AC-C8C5-4F94-BCF6-0796A896E92D}.AppStore|ARM.ActiveCfg = Debug|Any CPU
		{E3F272AC-C8C5-4F94-BCF6-0796A896E92D}.AppStore|ARM.Build.0 = Debug|Any CPU
		{E3F272AC-C8C5-4F94-BCF6-0796A896E92D}.AppStore|iPhone.ActiveCfg = Debug|Any CPU
		{E3F272AC-C8C5-4F94-BCF6-0796A896E92D}.AppStore|iPhone.Build.0 = Debug|Any CPU
		{E3F272AC-C8C5-4F94-BCF6-0796A896E92D}.AppStore|iPhoneSimulator.ActiveCfg = Debug|Any CPU
		{E3F272AC-C8C5-4F94-BCF6-0796A896E92D}.AppStore|iPhoneSimulator.Build.0 = Debug|Any CPU
		{E3F272AC-C8C5-4F94-BCF6-0796A896E92D}.AppStore|x64.ActiveCfg = Debug|Any CPU
		{E3F272AC-C8C5-4F94-BCF6-0796A896E92D}.AppStore|x64.Build.0 = Debug|Any CPU
		{E3F272AC-C8C5-4F94-BCF6-0796A896E92D}.AppStore|x86.ActiveCfg = Debug|Any CPU
		{E3F272AC-C8C5-4F94-BCF6-0796A896E92D}.AppStore|x86.Build.0 = Debug|Any CPU
		{E3F272AC-C8C5-4F94-BCF6-0796A896E92D}.Debug|Any CPU.ActiveCfg = Debug|Any CPU
		{E3F272AC-C8C5-4F94-BCF6-0796A896E92D}.Debug|Any CPU.Build.0 = Debug|Any CPU
		{E3F272AC-C8C5-4F94-BCF6-0796A896E92D}.Debug|ARM.ActiveCfg = Debug|Any CPU
		{E3F272AC-C8C5-4F94-BCF6-0796A896E92D}.Debug|ARM.Build.0 = Debug|Any CPU
		{E3F272AC-C8C5-4F94-BCF6-0796A896E92D}.Debug|iPhone.ActiveCfg = Debug|Any CPU
		{E3F272AC-C8C5-4F94-BCF6-0796A896E92D}.Debug|iPhone.Build.0 = Debug|Any CPU
		{E3F272AC-C8C5-4F94-BCF6-0796A896E92D}.Debug|iPhoneSimulator.ActiveCfg = Debug|Any CPU
		{E3F272AC-C8C5-4F94-BCF6-0796A896E92D}.Debug|iPhoneSimulator.Build.0 = Debug|Any CPU
		{E3F272AC-C8C5-4F94-BCF6-0796A896E92D}.Debug|x64.ActiveCfg = Debug|Any CPU
		{E3F272AC-C8C5-4F94-BCF6-0796A896E92D}.Debug|x64.Build.0 = Debug|Any CPU
		{E3F272AC-C8C5-4F94-BCF6-0796A896E92D}.Debug|x86.ActiveCfg = Debug|Any CPU
		{E3F272AC-C8C5-4F94-BCF6-0796A896E92D}.Debug|x86.Build.0 = Debug|Any CPU
		{E3F272AC-C8C5-4F94-BCF6-0796A896E92D}.Release|Any CPU.ActiveCfg = Release|Any CPU
		{E3F272AC-C8C5-4F94-BCF6-0796A896E92D}.Release|Any CPU.Build.0 = Release|Any CPU
		{E3F272AC-C8C5-4F94-BCF6-0796A896E92D}.Release|ARM.ActiveCfg = Release|Any CPU
		{E3F272AC-C8C5-4F94-BCF6-0796A896E92D}.Release|ARM.Build.0 = Release|Any CPU
		{E3F272AC-C8C5-4F94-BCF6-0796A896E92D}.Release|iPhone.ActiveCfg = Release|Any CPU
		{E3F272AC-C8C5-4F94-BCF6-0796A896E92D}.Release|iPhone.Build.0 = Release|Any CPU
		{E3F272AC-C8C5-4F94-BCF6-0796A896E92D}.Release|iPhoneSimulator.ActiveCfg = Release|Any CPU
		{E3F272AC-C8C5-4F94-BCF6-0796A896E92D}.Release|iPhoneSimulator.Build.0 = Release|Any CPU
		{E3F272AC-C8C5-4F94-BCF6-0796A896E92D}.Release|x64.ActiveCfg = Release|Any CPU
		{E3F272AC-C8C5-4F94-BCF6-0796A896E92D}.Release|x64.Build.0 = Release|Any CPU
		{E3F272AC-C8C5-4F94-BCF6-0796A896E92D}.Release|x86.ActiveCfg = Release|Any CPU
		{E3F272AC-C8C5-4F94-BCF6-0796A896E92D}.Release|x86.Build.0 = Release|Any CPU
	EndGlobalSection
	GlobalSection(SolutionProperties) = preSolution
		HideSolutionNode = FALSE
	EndGlobalSection
	GlobalSection(ExtensibilityGlobals) = postSolution
		SolutionGuid = {DD7EA1D5-4A4A-4841-B5E6-1539CA5BCBEB}
	EndGlobalSection
EndGlobal
